
Microsoft Visual Studio Solution File, Format Version 12.00
# Visual Studio Version 17
VisualStudioVersion = 17.14.36414.22
MinimumVisualStudioVersion = 10.0.40219.1
Project("{FAE04EC0-301F-11D3-BF4B-00C04F79EFBC}") = "Basic_DBL_test_class11", "Basic_DBL_test_class11\Basic_DBL_test_class11.csproj", "{322B7623-3087-489F-9B3D-84D0F2AC6FC9}"
EndProject
Global
	GlobalSection(SolutionConfigurationPlatforms) = preSolution
		Debug|Any CPU = Debug|Any CPU
		Release|Any CPU = Release|Any CPU
	EndGlobalSection
	GlobalSection(ProjectConfigurationPlatforms) = postSolution
		{322B7623-3087-489F-9B3D-84D0F2AC6FC9}.Debug|Any CPU.ActiveCfg = Debug|Any CPU
		{322B7623-3087-489F-9B3D-84D0F2AC6FC9}.Debug|Any CPU.Build.0 = Debug|Any CPU
		{322B7623-3087-489F-9B3D-84D0F2AC6FC9}.Release|Any CPU.ActiveCfg = Release|Any CPU
		{322B7623-3087-489F-9B3D-84D0F2AC6FC9}.Release|Any CPU.Build.0 = Release|Any CPU
	EndGlobalSection
	GlobalSection(SolutionProperties) = preSolution
		HideSolutionNode = FALSE
	EndGlobalSection
	GlobalSection(ExtensibilityGlobals) = postSolution
		SolutionGuid = {51B8FF44-8D28-432D-82DE-FE36AE04FBA5}
	EndGlobalSection
EndGlobal
